
Microsoft Visual Studio Solution File, Format Version 12.00
# Visual Studio 14
VisualStudioVersion = 14.0.23107.0
MinimumVisualStudioVersion = 10.0.40219.1
Project("{FAE04EC0-301F-11D3-BF4B-00C04F79EFBC}") = "LINQ", "LINQ\LINQ.csproj", "{8F7131A8-44E1-4D81-822A-3E9562B86760}"
EndProject
Global
	GlobalSection(SolutionConfigurationPlatforms) = preSolution
		Debug|Any CPU = Debug|Any CPU
		Release|Any CPU = Release|Any CPU
	EndGlobalSection
	GlobalSection(ProjectConfigurationPlatforms) = postSolution
		{8F7131A8-44E1-4D81-822A-3E9562B86760}.Debug|Any CPU.ActiveCfg = Debug|Any CPU
		{8F7131A8-44E1-4D81-822A-3E9562B86760}.Debug|Any CPU.Build.0 = Debug|Any CPU
		{8F7131A8-44E1-4D81-822A-3E9562B86760}.Release|Any CPU.ActiveCfg = Release|Any CPU
		{8F7131A8-44E1-4D81-822A-3E9562B86760}.Release|Any CPU.Build.0 = Release|Any CPU
	EndGlobalSection
	GlobalSection(SolutionProperties) = preSolution
		HideSolutionNode = FALSE
	EndGlobalSection
EndGlobal
