
Microsoft Visual Studio Solution File, Format Version 12.00
# Visual Studio 14
VisualStudioVersion = 14.0.23107.0
MinimumVisualStudioVersion = 10.0.40219.1
Project("{FAE04EC0-301F-11D3-BF4B-00C04F79EFBC}") = "Seminario 1 LP Equipo 7", "Seminario 1 LP Equipo 7\Seminario 1 LP Equipo 7.csproj", "{756D8764-F123-4AD7-80EA-808996029D14}"
EndProject
Project("{FAE04EC0-301F-11D3-BF4B-00C04F79EFBC}") = "Modelos de Clases", "Modelos de Clases\Modelos de Clases.csproj", "{6D8AEDDC-1E40-4160-8D47-6B45805AC70A}"
EndProject
Global
	GlobalSection(SolutionConfigurationPlatforms) = preSolution
		Debug|Any CPU = Debug|Any CPU
		Release|Any CPU = Release|Any CPU
	EndGlobalSection
	GlobalSection(ProjectConfigurationPlatforms) = postSolution
		{756D8764-F123-4AD7-80EA-808996029D14}.Debug|Any CPU.ActiveCfg = Debug|Any CPU
		{756D8764-F123-4AD7-80EA-808996029D14}.Debug|Any CPU.Build.0 = Debug|Any CPU
		{756D8764-F123-4AD7-80EA-808996029D14}.Release|Any CPU.ActiveCfg = Release|Any CPU
		{756D8764-F123-4AD7-80EA-808996029D14}.Release|Any CPU.Build.0 = Release|Any CPU
		{6D8AEDDC-1E40-4160-8D47-6B45805AC70A}.Debug|Any CPU.ActiveCfg = Debug|Any CPU
		{6D8AEDDC-1E40-4160-8D47-6B45805AC70A}.Debug|Any CPU.Build.0 = Debug|Any CPU
		{6D8AEDDC-1E40-4160-8D47-6B45805AC70A}.Release|Any CPU.ActiveCfg = Release|Any CPU
		{6D8AEDDC-1E40-4160-8D47-6B45805AC70A}.Release|Any CPU.Build.0 = Release|Any CPU
	EndGlobalSection
	GlobalSection(SolutionProperties) = preSolution
		HideSolutionNode = FALSE
	EndGlobalSection
EndGlobal
